
Microsoft Visual Studio Solution File, Format Version 12.00
# Visual Studio Version 16
VisualStudioVersion = 16.0.29503.13
MinimumVisualStudioVersion = 10.0.40219.1
Project("{FAE04EC0-301F-11D3-BF4B-00C04F79EFBC}") = "kmp", "kmp\kmp.csproj", "{7414B7CC-5CC0-4DE0-9449-61E768348049}"
EndProject
Global
	GlobalSection(SolutionConfigurationPlatforms) = preSolution
		Debug|Any CPU = Debug|Any CPU
		Release|Any CPU = Release|Any CPU
	EndGlobalSection
	GlobalSection(ProjectConfigurationPlatforms) = postSolution
		{7414B7CC-5CC0-4DE0-9449-61E768348049}.Debug|Any CPU.ActiveCfg = Debug|Any CPU
		{7414B7CC-5CC0-4DE0-9449-61E768348049}.Debug|Any CPU.Build.0 = Debug|Any CPU
		{7414B7CC-5CC0-4DE0-9449-61E768348049}.Release|Any CPU.ActiveCfg = Release|Any CPU
		{7414B7CC-5CC0-4DE0-9449-61E768348049}.Release|Any CPU.Build.0 = Release|Any CPU
	EndGlobalSection
	GlobalSection(SolutionProperties) = preSolution
		HideSolutionNode = FALSE
	EndGlobalSection
	GlobalSection(ExtensibilityGlobals) = postSolution
		SolutionGuid = {769C1EF9-24B1-4075-942A-296B94716559}
	EndGlobalSection
EndGlobal
